
Microsoft Visual Studio Solution File, Format Version 12.00
# Visual Studio Version 17
VisualStudioVersion = 17.5.002.0
MinimumVisualStudioVersion = 10.0.40219.1
Project("{2150E333-8FDC-42A3-9474-1A3956D46DE8}") = "08 - Minimal API", "08 - Minimal API", "{A6915403-4D11-4B7A-8F52-E02990BD81AC}"
EndProject
Project("{9A19103F-16F7-4668-BE54-9A1E7A4F7556}") = "MinimalApi_Basics", "08 - Minimal API\a. Basics\MinimalApi_Basics.csproj", "{750D0939-1819-4E90-ACE9-6457AB79BDCF}"
EndProject
Project("{9A19103F-16F7-4668-BE54-9A1E7A4F7556}") = "MinimalApi_GetPostPutDelete", "08 - Minimal API\c. Get-Post-Put-Delete\MinimalApi_GetPostPutDelete.csproj", "{89C1D194-B03C-438D-B69E-331047AE876A}"
EndProject
Project("{9A19103F-16F7-4668-BE54-9A1E7A4F7556}") = "MinimalApi_Swagger", "08 - Minimal API\b. Swagger\MinimalApi_Swagger.csproj", "{CFE32E7E-5582-4E89-87A5-C4BC638A8750}"
EndProject
Project("{2150E333-8FDC-42A3-9474-1A3956D46DE8}") = "02 - Middleware", "02 - Middleware", "{FB499340-96D6-4E61-8DAA-6E833AD2F7AC}"
EndProject
Project("{9A19103F-16F7-4668-BE54-9A1E7A4F7556}") = "static-files", "02 - Middleware\a. static-files\static-files.csproj", "{4EA506E1-820D-4481-A316-E6E863BBA65A}"
EndProject
Project("{9A19103F-16F7-4668-BE54-9A1E7A4F7556}") = "default-files", "02 - Middleware\b. default-files\default-files.csproj", "{6A2DD633-E0B7-4E3E-8DB8-A50ECD1EA68D}"
EndProject
Project("{9A19103F-16F7-4668-BE54-9A1E7A4F7556}") = "custom", "02 - Middleware\custom [WIP]\custom.csproj", "{4443CCFD-E202-47E2-8040-9B136AA90C89}"
EndProject
Project("{2150E333-8FDC-42A3-9474-1A3956D46DE8}") = "01 - Simple", "01 - Simple", "{5C5CDEC8-417C-4144-BCBE-887625812FD4}"
EndProject
Project("{9A19103F-16F7-4668-BE54-9A1E7A4F7556}") = "Simple_Web", "01 - Simple\b. web\Simple_Web.csproj", "{ACEB4559-346C-4471-B652-F9EBBB8389A5}"
EndProject
Project("{9A19103F-16F7-4668-BE54-9A1E7A4F7556}") = "Simple_Console", "01 - Simple\a. console\Simple_Console.csproj", "{E222D6D5-86DC-4563-9042-D04DED186DDA}"
EndProject
Project("{2150E333-8FDC-42A3-9474-1A3956D46DE8}") = "09 - MVC - Web API", "09 - MVC - Web API", "{3CDF8F8E-5304-4B80-AD5F-2E2F56D05075}"
EndProject
Project("{9A19103F-16F7-4668-BE54-9A1E7A4F7556}") = "MvcWebApi_Basics", "09 - MVC - Web API\a. Basics\MvcWebApi_Basics.csproj", "{C77E16AA-5BBC-45A1-934D-DB23223A68B1}"
EndProject
Project("{9A19103F-16F7-4668-BE54-9A1E7A4F7556}") = "MvcWebApi_Filters", "09 - MVC - Web API\c. Filters\MvcWebApi_Filters.csproj", "{605E6561-D256-4A75-A659-BC0EA7177012}"
EndProject
Project("{9A19103F-16F7-4668-BE54-9A1E7A4F7556}") = "MvcWebApi_Swagger", "09 - MVC - Web API\b. Swagger\MvcWebApi_Swagger.csproj", "{92463244-6E93-449A-B01B-2534DDE16A94}"
EndProject
Global
	GlobalSection(SolutionConfigurationPlatforms) = preSolution
		Debug|Any CPU = Debug|Any CPU
		Release|Any CPU = Release|Any CPU
	EndGlobalSection
	GlobalSection(ProjectConfigurationPlatforms) = postSolution
		{750D0939-1819-4E90-ACE9-6457AB79BDCF}.Debug|Any CPU.ActiveCfg = Debug|Any CPU
		{750D0939-1819-4E90-ACE9-6457AB79BDCF}.Debug|Any CPU.Build.0 = Debug|Any CPU
		{750D0939-1819-4E90-ACE9-6457AB79BDCF}.Release|Any CPU.ActiveCfg = Release|Any CPU
		{750D0939-1819-4E90-ACE9-6457AB79BDCF}.Release|Any CPU.Build.0 = Release|Any CPU
		{89C1D194-B03C-438D-B69E-331047AE876A}.Debug|Any CPU.ActiveCfg = Debug|Any CPU
		{89C1D194-B03C-438D-B69E-331047AE876A}.Debug|Any CPU.Build.0 = Debug|Any CPU
		{89C1D194-B03C-438D-B69E-331047AE876A}.Release|Any CPU.ActiveCfg = Release|Any CPU
		{89C1D194-B03C-438D-B69E-331047AE876A}.Release|Any CPU.Build.0 = Release|Any CPU
		{CFE32E7E-5582-4E89-87A5-C4BC638A8750}.Debug|Any CPU.ActiveCfg = Debug|Any CPU
		{CFE32E7E-5582-4E89-87A5-C4BC638A8750}.Debug|Any CPU.Build.0 = Debug|Any CPU
		{CFE32E7E-5582-4E89-87A5-C4BC638A8750}.Release|Any CPU.ActiveCfg = Release|Any CPU
		{CFE32E7E-5582-4E89-87A5-C4BC638A8750}.Release|Any CPU.Build.0 = Release|Any CPU
		{4EA506E1-820D-4481-A316-E6E863BBA65A}.Debug|Any CPU.ActiveCfg = Debug|Any CPU
		{4EA506E1-820D-4481-A316-E6E863BBA65A}.Debug|Any CPU.Build.0 = Debug|Any CPU
		{4EA506E1-820D-4481-A316-E6E863BBA65A}.Release|Any CPU.ActiveCfg = Release|Any CPU
		{4EA506E1-820D-4481-A316-E6E863BBA65A}.Release|Any CPU.Build.0 = Release|Any CPU
		{6A2DD633-E0B7-4E3E-8DB8-A50ECD1EA68D}.Debug|Any CPU.ActiveCfg = Debug|Any CPU
		{6A2DD633-E0B7-4E3E-8DB8-A50ECD1EA68D}.Debug|Any CPU.Build.0 = Debug|Any CPU
		{6A2DD633-E0B7-4E3E-8DB8-A50ECD1EA68D}.Release|Any CPU.ActiveCfg = Release|Any CPU
		{6A2DD633-E0B7-4E3E-8DB8-A50ECD1EA68D}.Release|Any CPU.Build.0 = Release|Any CPU
		{4443CCFD-E202-47E2-8040-9B136AA90C89}.Debug|Any CPU.ActiveCfg = Debug|Any CPU
		{4443CCFD-E202-47E2-8040-9B136AA90C89}.Debug|Any CPU.Build.0 = Debug|Any CPU
		{4443CCFD-E202-47E2-8040-9B136AA90C89}.Release|Any CPU.ActiveCfg = Release|Any CPU
		{4443CCFD-E202-47E2-8040-9B136AA90C89}.Release|Any CPU.Build.0 = Release|Any CPU
		{ACEB4559-346C-4471-B652-F9EBBB8389A5}.Debug|Any CPU.ActiveCfg = Debug|Any CPU
		{ACEB4559-346C-4471-B652-F9EBBB8389A5}.Debug|Any CPU.Build.0 = Debug|Any CPU
		{ACEB4559-346C-4471-B652-F9EBBB8389A5}.Release|Any CPU.ActiveCfg = Release|Any CPU
		{ACEB4559-346C-4471-B652-F9EBBB8389A5}.Release|Any CPU.Build.0 = Release|Any CPU
		{E222D6D5-86DC-4563-9042-D04DED186DDA}.Debug|Any CPU.ActiveCfg = Debug|Any CPU
		{E222D6D5-86DC-4563-9042-D04DED186DDA}.Debug|Any CPU.Build.0 = Debug|Any CPU
		{E222D6D5-86DC-4563-9042-D04DED186DDA}.Release|Any CPU.ActiveCfg = Release|Any CPU
		{E222D6D5-86DC-4563-9042-D04DED186DDA}.Release|Any CPU.Build.0 = Release|Any CPU
		{C77E16AA-5BBC-45A1-934D-DB23223A68B1}.Debug|Any CPU.ActiveCfg = Debug|Any CPU
		{C77E16AA-5BBC-45A1-934D-DB23223A68B1}.Debug|Any CPU.Build.0 = Debug|Any CPU
		{C77E16AA-5BBC-45A1-934D-DB23223A68B1}.Release|Any CPU.ActiveCfg = Release|Any CPU
		{C77E16AA-5BBC-45A1-934D-DB23223A68B1}.Release|Any CPU.Build.0 = Release|Any CPU
		{605E6561-D256-4A75-A659-BC0EA7177012}.Debug|Any CPU.ActiveCfg = Debug|Any CPU
		{605E6561-D256-4A75-A659-BC0EA7177012}.Debug|Any CPU.Build.0 = Debug|Any CPU
		{605E6561-D256-4A75-A659-BC0EA7177012}.Release|Any CPU.ActiveCfg = Release|Any CPU
		{605E6561-D256-4A75-A659-BC0EA7177012}.Release|Any CPU.Build.0 = Release|Any CPU
		{92463244-6E93-449A-B01B-2534DDE16A94}.Debug|Any CPU.ActiveCfg = Debug|Any CPU
		{92463244-6E93-449A-B01B-2534DDE16A94}.Debug|Any CPU.Build.0 = Debug|Any CPU
		{92463244-6E93-449A-B01B-2534DDE16A94}.Release|Any CPU.ActiveCfg = Release|Any CPU
		{92463244-6E93-449A-B01B-2534DDE16A94}.Release|Any CPU.Build.0 = Release|Any CPU
	EndGlobalSection
	GlobalSection(SolutionProperties) = preSolution
		HideSolutionNode = FALSE
	EndGlobalSection
	GlobalSection(NestedProjects) = preSolution
		{750D0939-1819-4E90-ACE9-6457AB79BDCF} = {A6915403-4D11-4B7A-8F52-E02990BD81AC}
		{89C1D194-B03C-438D-B69E-331047AE876A} = {A6915403-4D11-4B7A-8F52-E02990BD81AC}
		{CFE32E7E-5582-4E89-87A5-C4BC638A8750} = {A6915403-4D11-4B7A-8F52-E02990BD81AC}
		{4EA506E1-820D-4481-A316-E6E863BBA65A} = {FB499340-96D6-4E61-8DAA-6E833AD2F7AC}
		{6A2DD633-E0B7-4E3E-8DB8-A50ECD1EA68D} = {FB499340-96D6-4E61-8DAA-6E833AD2F7AC}
		{4443CCFD-E202-47E2-8040-9B136AA90C89} = {FB499340-96D6-4E61-8DAA-6E833AD2F7AC}
		{ACEB4559-346C-4471-B652-F9EBBB8389A5} = {5C5CDEC8-417C-4144-BCBE-887625812FD4}
		{E222D6D5-86DC-4563-9042-D04DED186DDA} = {5C5CDEC8-417C-4144-BCBE-887625812FD4}
		{C77E16AA-5BBC-45A1-934D-DB23223A68B1} = {3CDF8F8E-5304-4B80-AD5F-2E2F56D05075}
		{605E6561-D256-4A75-A659-BC0EA7177012} = {3CDF8F8E-5304-4B80-AD5F-2E2F56D05075}
		{92463244-6E93-449A-B01B-2534DDE16A94} = {3CDF8F8E-5304-4B80-AD5F-2E2F56D05075}
	EndGlobalSection
	GlobalSection(ExtensibilityGlobals) = postSolution
		SolutionGuid = {285F5891-0FF5-4277-BC5E-D9918B84710A}
	EndGlobalSection
EndGlobal
